
Microsoft Visual Studio Solution File, Format Version 12.00
# Visual Studio 15
VisualStudioVersion = 15.0.28306.52
MinimumVisualStudioVersion = 10.0.40219.1
Project("{8BC9CEB8-8B4A-11D0-8D11-00A0C91BC942}") = "TabuSearch", "TabuSearch\TabuSearch.vcxproj", "{CDDE28EF-BE62-4AEF-8386-77A9C0409FC7}"
EndProject
Global
	GlobalSection(SolutionConfigurationPlatforms) = preSolution
		Debug|x64 = Debug|x64
		Debug|x86 = Debug|x86
		Release|x64 = Release|x64
		Release|x86 = Release|x86
	EndGlobalSection
	GlobalSection(ProjectConfigurationPlatforms) = postSolution
		{CDDE28EF-BE62-4AEF-8386-77A9C0409FC7}.Debug|x64.ActiveCfg = Debug|x64
		{CDDE28EF-BE62-4AEF-8386-77A9C0409FC7}.Debug|x64.Build.0 = Debug|x64
		{CDDE28EF-BE62-4AEF-8386-77A9C0409FC7}.Debug|x86.ActiveCfg = Debug|Win32
		{CDDE28EF-BE62-4AEF-8386-77A9C0409FC7}.Debug|x86.Build.0 = Debug|Win32
		{CDDE28EF-BE62-4AEF-8386-77A9C0409FC7}.Release|x64.ActiveCfg = Release|x64
		{CDDE28EF-BE62-4AEF-8386-77A9C0409FC7}.Release|x64.Build.0 = Release|x64
		{CDDE28EF-BE62-4AEF-8386-77A9C0409FC7}.Release|x86.ActiveCfg = Release|Win32
		{CDDE28EF-BE62-4AEF-8386-77A9C0409FC7}.Release|x86.Build.0 = Release|Win32
	EndGlobalSection
	GlobalSection(SolutionProperties) = preSolution
		HideSolutionNode = FALSE
	EndGlobalSection
	GlobalSection(ExtensibilityGlobals) = postSolution
		SolutionGuid = {46B0A089-03C0-45C8-A95A-02B0D12634BD}
	EndGlobalSection
EndGlobal
